// !$*UTF8*$!
{
	archiveVersion = 1;
	classes = {
	};
	objectVersion = 56;
	objects = {

/* Begin PBXBuildFile section */
		4963ED0E2BC2D18D005F4C63 /* AppDelegate.swift in Sources */ = {isa = PBXBuildFile; fileRef = 4963ED0D2BC2D18D005F4C63 /* AppDelegate.swift */; };
		4963ED102BC2D18D005F4C63 /* SceneDelegate.swift in Sources */ = {isa = PBXBuildFile; fileRef = 4963ED0F2BC2D18D005F4C63 /* SceneDelegate.swift */; };
		4963ED172BC2D18E005F4C63 /* Assets.xcassets in Resources */ = {isa = PBXBuildFile; fileRef = 4963ED162BC2D18E005F4C63 /* Assets.xcassets */; };
		4963ED1A2BC2D18E005F4C63 /* LaunchScreen.storyboard in Resources */ = {isa = PBXBuildFile; fileRef = 4963ED182BC2D18E005F4C63 /* LaunchScreen.storyboard */; };
		4963ED222BC2E84C005F4C63 /* TabBarController.swift in Sources */ = {isa = PBXBuildFile; fileRef = 4963ED212BC2E84C005F4C63 /* TabBarController.swift */; };
		496528322BC3E7F500961885 /* PlaylistViewController.swift in Sources */ = {isa = PBXBuildFile; fileRef = 496528312BC3E7F500961885 /* PlaylistViewController.swift */; };
		496528342BC3F44600961885 /* SearchViewController.swift in Sources */ = {isa = PBXBuildFile; fileRef = 496528332BC3F44600961885 /* SearchViewController.swift */; };
		496528372BC4186B00961885 /* Track.swift in Sources */ = {isa = PBXBuildFile; fileRef = 496528362BC4186B00961885 /* Track.swift */; };
		4965283D2BC41AB200961885 /* DataManager.swift in Sources */ = {isa = PBXBuildFile; fileRef = 4965283C2BC41AB200961885 /* DataManager.swift */; };
		496528402BC4408800961885 /* Alamofire in Frameworks */ = {isa = PBXBuildFile; productRef = 4965283F2BC4408800961885 /* Alamofire */; };
		496528422BC4408800961885 /* AlamofireDynamic in Frameworks */ = {isa = PBXBuildFile; productRef = 496528412BC4408800961885 /* AlamofireDynamic */; };
		496528442BC45A2D00961885 /* ReceivedSearchResult.swift in Sources */ = {isa = PBXBuildFile; fileRef = 496528432BC45A2D00961885 /* ReceivedSearchResult.swift */; };
		51659B8C2BD78CD80047DA09 /* PlaylistSwiftUIView.swift in Sources */ = {isa = PBXBuildFile; fileRef = 51659B8B2BD78CD80047DA09 /* PlaylistSwiftUIView.swift */; };
		516EBE2A2BC936C300AB9FE9 /* PlayerView.swift in Sources */ = {isa = PBXBuildFile; fileRef = 516EBE292BC936C300AB9FE9 /* PlayerView.swift */; };
		516EBE2C2BC936DA00AB9FE9 /* PlayerView.xib in Resources */ = {isa = PBXBuildFile; fileRef = 516EBE2B2BC936DA00AB9FE9 /* PlayerView.xib */; };
		517442582BD80B300072600B /* SDWebImageSwiftUI in Frameworks */ = {isa = PBXBuildFile; productRef = 517442572BD80B300072600B /* SDWebImageSwiftUI */; };
		518AD9282BC7DA28003BE692 /* SDWebImage in Frameworks */ = {isa = PBXBuildFile; productRef = 518AD9272BC7DA28003BE692 /* SDWebImage */; };
		518AD92A2BC7DA28003BE692 /* SDWebImageMapKit in Frameworks */ = {isa = PBXBuildFile; productRef = 518AD9292BC7DA28003BE692 /* SDWebImageMapKit */; };
		518AD92D2BC7DCA8003BE692 /* SearchTableViewCell.swift in Sources */ = {isa = PBXBuildFile; fileRef = 518AD92B2BC7DCA8003BE692 /* SearchTableViewCell.swift */; };
		518AD92E2BC7DCA8003BE692 /* SearchTableViewCell.xib in Resources */ = {isa = PBXBuildFile; fileRef = 518AD92C2BC7DCA8003BE692 /* SearchTableViewCell.xib */; };
		519E9F3E2BD10ECF009C4BDD /* PlayerViewControlProtocol.swift in Sources */ = {isa = PBXBuildFile; fileRef = 519E9F3D2BD10ECF009C4BDD /* PlayerViewControlProtocol.swift */; };
		519E9F402BD113C3009C4BDD /* Extension SearchViewController + UISearchBarDelegate.swift in Sources */ = {isa = PBXBuildFile; fileRef = 519E9F3F2BD113C3009C4BDD /* Extension SearchViewController + UISearchBarDelegate.swift */; };
		519E9F422BD11462009C4BDD /* Extaension SearchViewController + TranferInfoViewProtocol.swift in Sources */ = {isa = PBXBuildFile; fileRef = 519E9F412BD11462009C4BDD /* Extaension SearchViewController + TranferInfoViewProtocol.swift */; };
		51CE9FBC2BC962FC00C7782B /* TransferInfoToPlayerViewProtocol.swift in Sources */ = {isa = PBXBuildFile; fileRef = 51CE9FBB2BC962FC00C7782B /* TransferInfoToPlayerViewProtocol.swift */; };
/* End PBXBuildFile section */

/* Begin PBXFileReference section */
		4963ED0A2BC2D18D005F4C63 /* Lamy.app */ = {isa = PBXFileReference; explicitFileType = wrapper.application; includeInIndex = 0; path = Lamy.app; sourceTree = BUILT_PRODUCTS_DIR; };
		4963ED0D2BC2D18D005F4C63 /* AppDelegate.swift */ = {isa = PBXFileReference; lastKnownFileType = sourcecode.swift; path = AppDelegate.swift; sourceTree = "<group>"; };
		4963ED0F2BC2D18D005F4C63 /* SceneDelegate.swift */ = {isa = PBXFileReference; lastKnownFileType = sourcecode.swift; path = SceneDelegate.swift; sourceTree = "<group>"; };
		4963ED162BC2D18E005F4C63 /* Assets.xcassets */ = {isa = PBXFileReference; lastKnownFileType = folder.assetcatalog; path = Assets.xcassets; sourceTree = "<group>"; };
		4963ED192BC2D18E005F4C63 /* Base */ = {isa = PBXFileReference; lastKnownFileType = file.storyboard; name = Base; path = Base.lproj/LaunchScreen.storyboard; sourceTree = "<group>"; };
		4963ED1B2BC2D18E005F4C63 /* Info.plist */ = {isa = PBXFileReference; lastKnownFileType = text.plist.xml; path = Info.plist; sourceTree = "<group>"; };
		4963ED212BC2E84C005F4C63 /* TabBarController.swift */ = {isa = PBXFileReference; lastKnownFileType = sourcecode.swift; path = TabBarController.swift; sourceTree = "<group>"; };
		496528312BC3E7F500961885 /* PlaylistViewController.swift */ = {isa = PBXFileReference; lastKnownFileType = sourcecode.swift; path = PlaylistViewController.swift; sourceTree = "<group>"; };
		496528332BC3F44600961885 /* SearchViewController.swift */ = {isa = PBXFileReference; lastKnownFileType = sourcecode.swift; path = SearchViewController.swift; sourceTree = "<group>"; };
		496528362BC4186B00961885 /* Track.swift */ = {isa = PBXFileReference; lastKnownFileType = sourcecode.swift; path = Track.swift; sourceTree = "<group>"; };
		4965283C2BC41AB200961885 /* DataManager.swift */ = {isa = PBXFileReference; lastKnownFileType = sourcecode.swift; path = DataManager.swift; sourceTree = "<group>"; };
		496528432BC45A2D00961885 /* ReceivedSearchResult.swift */ = {isa = PBXFileReference; lastKnownFileType = sourcecode.swift; path = ReceivedSearchResult.swift; sourceTree = "<group>"; };
		51659B8B2BD78CD80047DA09 /* PlaylistSwiftUIView.swift */ = {isa = PBXFileReference; lastKnownFileType = sourcecode.swift; path = PlaylistSwiftUIView.swift; sourceTree = "<group>"; };
		516EBE292BC936C300AB9FE9 /* PlayerView.swift */ = {isa = PBXFileReference; lastKnownFileType = sourcecode.swift; path = PlayerView.swift; sourceTree = "<group>"; };
		516EBE2B2BC936DA00AB9FE9 /* PlayerView.xib */ = {isa = PBXFileReference; lastKnownFileType = file.xib; path = PlayerView.xib; sourceTree = "<group>"; };
		518AD92B2BC7DCA8003BE692 /* SearchTableViewCell.swift */ = {isa = PBXFileReference; lastKnownFileType = sourcecode.swift; path = SearchTableViewCell.swift; sourceTree = "<group>"; };
		518AD92C2BC7DCA8003BE692 /* SearchTableViewCell.xib */ = {isa = PBXFileReference; lastKnownFileType = file.xib; path = SearchTableViewCell.xib; sourceTree = "<group>"; };
		519E9F3D2BD10ECF009C4BDD /* PlayerViewControlProtocol.swift */ = {isa = PBXFileReference; lastKnownFileType = sourcecode.swift; path = PlayerViewControlProtocol.swift; sourceTree = "<group>"; };
		519E9F3F2BD113C3009C4BDD /* Extension SearchViewController + UISearchBarDelegate.swift */ = {isa = PBXFileReference; lastKnownFileType = sourcecode.swift; path = "Extension SearchViewController + UISearchBarDelegate.swift"; sourceTree = "<group>"; };
		519E9F412BD11462009C4BDD /* Extaension SearchViewController + TranferInfoViewProtocol.swift */ = {isa = PBXFileReference; lastKnownFileType = sourcecode.swift; path = "Extaension SearchViewController + TranferInfoViewProtocol.swift"; sourceTree = "<group>"; };
		51CE9FBB2BC962FC00C7782B /* TransferInfoToPlayerViewProtocol.swift */ = {isa = PBXFileReference; lastKnownFileType = sourcecode.swift; path = TransferInfoToPlayerViewProtocol.swift; sourceTree = "<group>"; };
/* End PBXFileReference section */

/* Begin PBXFrameworksBuildPhase section */
		4963ED072BC2D18D005F4C63 /* Frameworks */ = {
			isa = PBXFrameworksBuildPhase;
			buildActionMask = 2147483647;
			files = (
				517442582BD80B300072600B /* SDWebImageSwiftUI in Frameworks */,
				518AD9282BC7DA28003BE692 /* SDWebImage in Frameworks */,
				496528402BC4408800961885 /* Alamofire in Frameworks */,
				518AD92A2BC7DA28003BE692 /* SDWebImageMapKit in Frameworks */,
				496528422BC4408800961885 /* AlamofireDynamic in Frameworks */,
			);
			runOnlyForDeploymentPostprocessing = 0;
		};
/* End PBXFrameworksBuildPhase section */

/* Begin PBXGroup section */
		4963ED012BC2D18D005F4C63 = {
			isa = PBXGroup;
			children = (
				4963ED0C2BC2D18D005F4C63 /* Lamy */,
				4963ED0B2BC2D18D005F4C63 /* Products */,
			);
			sourceTree = "<group>";
		};
		4963ED0B2BC2D18D005F4C63 /* Products */ = {
			isa = PBXGroup;
			children = (
				4963ED0A2BC2D18D005F4C63 /* Lamy.app */,
			);
			name = Products;
			sourceTree = "<group>";
		};
		4963ED0C2BC2D18D005F4C63 /* Lamy */ = {
			isa = PBXGroup;
			children = (
				496528392BC41A4100961885 /* App */,
				496528352BC4185400961885 /* Models */,
				496528382BC41A0700961885 /* Views */,
				4965283B2BC41A8B00961885 /* Controllers */,
				4965283A2BC41A6000961885 /* Helpers */,
				4963ED1B2BC2D18E005F4C63 /* Info.plist */,
			);
			path = Lamy;
			sourceTree = "<group>";
		};
		496528352BC4185400961885 /* Models */ = {
			isa = PBXGroup;
			children = (
				496528362BC4186B00961885 /* Track.swift */,
				496528432BC45A2D00961885 /* ReceivedSearchResult.swift */,
				51CE9FBB2BC962FC00C7782B /* TransferInfoToPlayerViewProtocol.swift */,
				519E9F3D2BD10ECF009C4BDD /* PlayerViewControlProtocol.swift */,
			);
			path = Models;
			sourceTree = "<group>";
		};
		496528382BC41A0700961885 /* Views */ = {
			isa = PBXGroup;
			children = (
				516EBE282BC936A000AB9FE9 /* PlayerView */,
				4963ED212BC2E84C005F4C63 /* TabBarController.swift */,
				496528332BC3F44600961885 /* SearchViewController.swift */,
				519E9F412BD11462009C4BDD /* Extaension SearchViewController + TranferInfoViewProtocol.swift */,
				519E9F3F2BD113C3009C4BDD /* Extension SearchViewController + UISearchBarDelegate.swift */,
				496528312BC3E7F500961885 /* PlaylistViewController.swift */,
				51659B8B2BD78CD80047DA09 /* PlaylistSwiftUIView.swift */,
			);
			path = Views;
			sourceTree = "<group>";
		};
		496528392BC41A4100961885 /* App */ = {
			isa = PBXGroup;
			children = (
				4963ED0D2BC2D18D005F4C63 /* AppDelegate.swift */,
				4963ED0F2BC2D18D005F4C63 /* SceneDelegate.swift */,
			);
			path = App;
			sourceTree = "<group>";
		};
		4965283A2BC41A6000961885 /* Helpers */ = {
			isa = PBXGroup;
			children = (
				4963ED162BC2D18E005F4C63 /* Assets.xcassets */,
				4963ED182BC2D18E005F4C63 /* LaunchScreen.storyboard */,
			);
			path = Helpers;
			sourceTree = "<group>";
		};
		4965283B2BC41A8B00961885 /* Controllers */ = {
			isa = PBXGroup;
			children = (
				4965283C2BC41AB200961885 /* DataManager.swift */,
			);
			path = Controllers;
			sourceTree = "<group>";
		};
		516EBE282BC936A000AB9FE9 /* PlayerView */ = {
			isa = PBXGroup;
			children = (
				516EBE292BC936C300AB9FE9 /* PlayerView.swift */,
				516EBE2B2BC936DA00AB9FE9 /* PlayerView.xib */,
				518AD92F2BC7DCBF003BE692 /* Cell */,
			);
			path = PlayerView;
			sourceTree = "<group>";
		};
		518AD92F2BC7DCBF003BE692 /* Cell */ = {
			isa = PBXGroup;
			children = (
				518AD92B2BC7DCA8003BE692 /* SearchTableViewCell.swift */,
				518AD92C2BC7DCA8003BE692 /* SearchTableViewCell.xib */,
			);
			path = Cell;
			sourceTree = "<group>";
		};
/* End PBXGroup section */

/* Begin PBXNativeTarget section */
		4963ED092BC2D18D005F4C63 /* Lamy */ = {
			isa = PBXNativeTarget;
			buildConfigurationList = 4963ED1E2BC2D18E005F4C63 /* Build configuration list for PBXNativeTarget "Lamy" */;
			buildPhases = (
				4963ED062BC2D18D005F4C63 /* Sources */,
				4963ED072BC2D18D005F4C63 /* Frameworks */,
				4963ED082BC2D18D005F4C63 /* Resources */,
			);
			buildRules = (
			);
			dependencies = (
			);
			name = Lamy;
			packageProductDependencies = (
				4965283F2BC4408800961885 /* Alamofire */,
				496528412BC4408800961885 /* AlamofireDynamic */,
				518AD9272BC7DA28003BE692 /* SDWebImage */,
				518AD9292BC7DA28003BE692 /* SDWebImageMapKit */,
				517442572BD80B300072600B /* SDWebImageSwiftUI */,
			);
			productName = Lamy;
			productReference = 4963ED0A2BC2D18D005F4C63 /* Lamy.app */;
			productType = "com.apple.product-type.application";
		};
/* End PBXNativeTarget section */

/* Begin PBXProject section */
		4963ED022BC2D18D005F4C63 /* Project object */ = {
			isa = PBXProject;
			attributes = {
				BuildIndependentTargetsInParallel = 1;
				LastSwiftUpdateCheck = 1500;
				LastUpgradeCheck = 1500;
				TargetAttributes = {
					4963ED092BC2D18D005F4C63 = {
						CreatedOnToolsVersion = 15.0.1;
					};
				};
			};
			buildConfigurationList = 4963ED052BC2D18D005F4C63 /* Build configuration list for PBXProject "Lamy" */;
			compatibilityVersion = "Xcode 14.0";
			developmentRegion = en;
			hasScannedForEncodings = 0;
			knownRegions = (
				en,
				Base,
			);
			mainGroup = 4963ED012BC2D18D005F4C63;
			packageReferences = (
				4965283E2BC4408800961885 /* XCRemoteSwiftPackageReference "Alamofire" */,
				518AD9262BC7DA28003BE692 /* XCRemoteSwiftPackageReference "SDWebImage" */,
				517442562BD80B300072600B /* XCRemoteSwiftPackageReference "SDWebImageSwiftUI" */,
			);
			productRefGroup = 4963ED0B2BC2D18D005F4C63 /* Products */;
			projectDirPath = "";
			projectRoot = "";
			targets = (
				4963ED092BC2D18D005F4C63 /* Lamy */,
			);
		};
/* End PBXProject section */

/* Begin PBXResourcesBuildPhase section */
		4963ED082BC2D18D005F4C63 /* Resources */ = {
			isa = PBXResourcesBuildPhase;
			buildActionMask = 2147483647;
			files = (
				4963ED1A2BC2D18E005F4C63 /* LaunchScreen.storyboard in Resources */,
				4963ED172BC2D18E005F4C63 /* Assets.xcassets in Resources */,
				518AD92E2BC7DCA8003BE692 /* SearchTableViewCell.xib in Resources */,
				516EBE2C2BC936DA00AB9FE9 /* PlayerView.xib in Resources */,
			);
			runOnlyForDeploymentPostprocessing = 0;
		};
/* End PBXResourcesBuildPhase section */

/* Begin PBXSourcesBuildPhase section */
		4963ED062BC2D18D005F4C63 /* Sources */ = {
			isa = PBXSourcesBuildPhase;
			buildActionMask = 2147483647;
			files = (
				51659B8C2BD78CD80047DA09 /* PlaylistSwiftUIView.swift in Sources */,
				518AD92D2BC7DCA8003BE692 /* SearchTableViewCell.swift in Sources */,
				496528442BC45A2D00961885 /* ReceivedSearchResult.swift in Sources */,
				496528342BC3F44600961885 /* SearchViewController.swift in Sources */,
				519E9F402BD113C3009C4BDD /* Extension SearchViewController + UISearchBarDelegate.swift in Sources */,
				516EBE2A2BC936C300AB9FE9 /* PlayerView.swift in Sources */,
				4963ED222BC2E84C005F4C63 /* TabBarController.swift in Sources */,
				519E9F3E2BD10ECF009C4BDD /* PlayerViewControlProtocol.swift in Sources */,
				4963ED0E2BC2D18D005F4C63 /* AppDelegate.swift in Sources */,
				4965283D2BC41AB200961885 /* DataManager.swift in Sources */,
				496528322BC3E7F500961885 /* PlaylistViewController.swift in Sources */,
				4963ED102BC2D18D005F4C63 /* SceneDelegate.swift in Sources */,
				519E9F422BD11462009C4BDD /* Extaension SearchViewController + TranferInfoViewProtocol.swift in Sources */,
				51CE9FBC2BC962FC00C7782B /* TransferInfoToPlayerViewProtocol.swift in Sources */,
				496528372BC4186B00961885 /* Track.swift in Sources */,
			);
			runOnlyForDeploymentPostprocessing = 0;
		};
/* End PBXSourcesBuildPhase section */

/* Begin PBXVariantGroup section */
		4963ED182BC2D18E005F4C63 /* LaunchScreen.storyboard */ = {
			isa = PBXVariantGroup;
			children = (
				4963ED192BC2D18E005F4C63 /* Base */,
			);
			name = LaunchScreen.storyboard;
			sourceTree = "<group>";
		};
/* End PBXVariantGroup section */

/* Begin XCBuildConfiguration section */
		4963ED1C2BC2D18E005F4C63 /* Debug */ = {
			isa = XCBuildConfiguration;
			buildSettings = {
				ALWAYS_SEARCH_USER_PATHS = NO;
				ASSETCATALOG_COMPILER_GENERATE_SWIFT_ASSET_SYMBOL_EXTENSIONS = YES;
				CLANG_ANALYZER_NONNULL = YES;
				CLANG_ANALYZER_NUMBER_OBJECT_CONVERSION = YES_AGGRESSIVE;
				CLANG_CXX_LANGUAGE_STANDARD = "gnu++20";
				CLANG_ENABLE_MODULES = YES;
				CLANG_ENABLE_OBJC_ARC = YES;
				CLANG_ENABLE_OBJC_WEAK = YES;
				CLANG_WARN_BLOCK_CAPTURE_AUTORELEASING = YES;
				CLANG_WARN_BOOL_CONVERSION = YES;
				CLANG_WARN_COMMA = YES;
				CLANG_WARN_CONSTANT_CONVERSION = YES;
				CLANG_WARN_DEPRECATED_OBJC_IMPLEMENTATIONS = YES;
				CLANG_WARN_DIRECT_OBJC_ISA_USAGE = YES_ERROR;
				CLANG_WARN_DOCUMENTATION_COMMENTS = YES;
				CLANG_WARN_EMPTY_BODY = YES;
				CLANG_WARN_ENUM_CONVERSION = YES;
				CLANG_WARN_INFINITE_RECURSION = YES;
				CLANG_WARN_INT_CONVERSION = YES;
				CLANG_WARN_NON_LITERAL_NULL_CONVERSION = YES;
				CLANG_WARN_OBJC_IMPLICIT_RETAIN_SELF = YES;
				CLANG_WARN_OBJC_LITERAL_CONVERSION = YES;
				CLANG_WARN_OBJC_ROOT_CLASS = YES_ERROR;
				CLANG_WARN_QUOTED_INCLUDE_IN_FRAMEWORK_HEADER = YES;
				CLANG_WARN_RANGE_LOOP_ANALYSIS = YES;
				CLANG_WARN_STRICT_PROTOTYPES = YES;
				CLANG_WARN_SUSPICIOUS_MOVE = YES;
				CLANG_WARN_UNGUARDED_AVAILABILITY = YES_AGGRESSIVE;
				CLANG_WARN_UNREACHABLE_CODE = YES;
				CLANG_WARN__DUPLICATE_METHOD_MATCH = YES;
				COPY_PHASE_STRIP = NO;
				DEBUG_INFORMATION_FORMAT = dwarf;
				ENABLE_STRICT_OBJC_MSGSEND = YES;
				ENABLE_TESTABILITY = YES;
				ENABLE_USER_SCRIPT_SANDBOXING = YES;
				GCC_C_LANGUAGE_STANDARD = gnu17;
				GCC_DYNAMIC_NO_PIC = NO;
				GCC_NO_COMMON_BLOCKS = YES;
				GCC_OPTIMIZATION_LEVEL = 0;
				GCC_PREPROCESSOR_DEFINITIONS = (
					"DEBUG=1",
					"$(inherited)",
				);
				GCC_WARN_64_TO_32_BIT_CONVERSION = YES;
				GCC_WARN_ABOUT_RETURN_TYPE = YES_ERROR;
				GCC_WARN_UNDECLARED_SELECTOR = YES;
				GCC_WARN_UNINITIALIZED_AUTOS = YES_AGGRESSIVE;
				GCC_WARN_UNUSED_FUNCTION = YES;
				GCC_WARN_UNUSED_VARIABLE = YES;
				IPHONEOS_DEPLOYMENT_TARGET = 17.0;
				LOCALIZATION_PREFERS_STRING_CATALOGS = YES;
				MTL_ENABLE_DEBUG_INFO = INCLUDE_SOURCE;
				MTL_FAST_MATH = YES;
				ONLY_ACTIVE_ARCH = YES;
				SDKROOT = iphoneos;
				SWIFT_ACTIVE_COMPILATION_CONDITIONS = "DEBUG $(inherited)";
				SWIFT_OPTIMIZATION_LEVEL = "-Onone";
			};
			name = Debug;
		};
		4963ED1D2BC2D18E005F4C63 /* Release */ = {
			isa = XCBuildConfiguration;
			buildSettings = {
				ALWAYS_SEARCH_USER_PATHS = NO;
				ASSETCATALOG_COMPILER_GENERATE_SWIFT_ASSET_SYMBOL_EXTENSIONS = YES;
				CLANG_ANALYZER_NONNULL = YES;
				CLANG_ANALYZER_NUMBER_OBJECT_CONVERSION = YES_AGGRESSIVE;
				CLANG_CXX_LANGUAGE_STANDARD = "gnu++20";
				CLANG_ENABLE_MODULES = YES;
				CLANG_ENABLE_OBJC_ARC = YES;
				CLANG_ENABLE_OBJC_WEAK = YES;
				CLANG_WARN_BLOCK_CAPTURE_AUTORELEASING = YES;
				CLANG_WARN_BOOL_CONVERSION = YES;
				CLANG_WARN_COMMA = YES;
				CLANG_WARN_CONSTANT_CONVERSION = YES;
				CLANG_WARN_DEPRECATED_OBJC_IMPLEMENTATIONS = YES;
				CLANG_WARN_DIRECT_OBJC_ISA_USAGE = YES_ERROR;
				CLANG_WARN_DOCUMENTATION_COMMENTS = YES;
				CLANG_WARN_EMPTY_BODY = YES;
				CLANG_WARN_ENUM_CONVERSION = YES;
				CLANG_WARN_INFINITE_RECURSION = YES;
				CLANG_WARN_INT_CONVERSION = YES;
				CLANG_WARN_NON_LITERAL_NULL_CONVERSION = YES;
				CLANG_WARN_OBJC_IMPLICIT_RETAIN_SELF = YES;
				CLANG_WARN_OBJC_LITERAL_CONVERSION = YES;
				CLANG_WARN_OBJC_ROOT_CLASS = YES_ERROR;
				CLANG_WARN_QUOTED_INCLUDE_IN_FRAMEWORK_HEADER = YES;
				CLANG_WARN_RANGE_LOOP_ANALYSIS = YES;
				CLANG_WARN_STRICT_PROTOTYPES = YES;
				CLANG_WARN_SUSPICIOUS_MOVE = YES;
				CLANG_WARN_UNGUARDED_AVAILABILITY = YES_AGGRESSIVE;
				CLANG_WARN_UNREACHABLE_CODE = YES;
				CLANG_WARN__DUPLICATE_METHOD_MATCH = YES;
				COPY_PHASE_STRIP = NO;
				DEBUG_INFORMATION_FORMAT = "dwarf-with-dsym";
				ENABLE_NS_ASSERTIONS = NO;
				ENABLE_STRICT_OBJC_MSGSEND = YES;
				ENABLE_USER_SCRIPT_SANDBOXING = YES;
				GCC_C_LANGUAGE_STANDARD = gnu17;
				GCC_NO_COMMON_BLOCKS = YES;
				GCC_WARN_64_TO_32_BIT_CONVERSION = YES;
				GCC_WARN_ABOUT_RETURN_TYPE = YES_ERROR;
				GCC_WARN_UNDECLARED_SELECTOR = YES;
				GCC_WARN_UNINITIALIZED_AUTOS = YES_AGGRESSIVE;
				GCC_WARN_UNUSED_FUNCTION = YES;
				GCC_WARN_UNUSED_VARIABLE = YES;
				IPHONEOS_DEPLOYMENT_TARGET = 17.0;
				LOCALIZATION_PREFERS_STRING_CATALOGS = YES;
				MTL_ENABLE_DEBUG_INFO = NO;
				MTL_FAST_MATH = YES;
				SDKROOT = iphoneos;
				SWIFT_COMPILATION_MODE = wholemodule;
				VALIDATE_PRODUCT = YES;
			};
			name = Release;
		};
		4963ED1F2BC2D18E005F4C63 /* Debug */ = {
			isa = XCBuildConfiguration;
			buildSettings = {
				ASSETCATALOG_COMPILER_APPICON_NAME = AppIcon;
				ASSETCATALOG_COMPILER_GLOBAL_ACCENT_COLOR_NAME = AccentColor;
				CODE_SIGN_STYLE = Automatic;
				CURRENT_PROJECT_VERSION = 1;
				GENERATE_INFOPLIST_FILE = YES;
				INFOPLIST_FILE = Lamy/Info.plist;
				INFOPLIST_KEY_UIApplicationSupportsIndirectInputEvents = YES;
				INFOPLIST_KEY_UILaunchStoryboardName = LaunchScreen;
				INFOPLIST_KEY_UISupportedInterfaceOrientations_iPad = "UIInterfaceOrientationPortrait UIInterfaceOrientationPortraitUpsideDown UIInterfaceOrientationLandscapeLeft UIInterfaceOrientationLandscapeRight";
				INFOPLIST_KEY_UISupportedInterfaceOrientations_iPhone = "UIInterfaceOrientationPortrait UIInterfaceOrientationLandscapeLeft UIInterfaceOrientationLandscapeRight";
				LD_RUNPATH_SEARCH_PATHS = (
					"$(inherited)",
					"@executable_path/Frameworks",
				);
				MARKETING_VERSION = 1.0;
				PRODUCT_BUNDLE_IDENTIFIER = ru.Lamy;
				PRODUCT_NAME = "$(TARGET_NAME)";
				SWIFT_EMIT_LOC_STRINGS = YES;
				SWIFT_VERSION = 5.0;
				TARGETED_DEVICE_FAMILY = "1,2";
			};
			name = Debug;
		};
		4963ED202BC2D18E005F4C63 /* Release */ = {
			isa = XCBuildConfiguration;
			buildSettings = {
				ASSETCATALOG_COMPILER_APPICON_NAME = AppIcon;
				ASSETCATALOG_COMPILER_GLOBAL_ACCENT_COLOR_NAME = AccentColor;
				CODE_SIGN_STYLE = Automatic;
				CURRENT_PROJECT_VERSION = 1;
				GENERATE_INFOPLIST_FILE = YES;
				INFOPLIST_FILE = Lamy/Info.plist;
				INFOPLIST_KEY_UIApplicationSupportsIndirectInputEvents = YES;
				INFOPLIST_KEY_UILaunchStoryboardName = LaunchScreen;
				INFOPLIST_KEY_UISupportedInterfaceOrientations_iPad = "UIInterfaceOrientationPortrait UIInterfaceOrientationPortraitUpsideDown UIInterfaceOrientationLandscapeLeft UIInterfaceOrientationLandscapeRight";
				INFOPLIST_KEY_UISupportedInterfaceOrientations_iPhone = "UIInterfaceOrientationPortrait UIInterfaceOrientationLandscapeLeft UIInterfaceOrientationLandscapeRight";
				LD_RUNPATH_SEARCH_PATHS = (
					"$(inherited)",
					"@executable_path/Frameworks",
				);
				MARKETING_VERSION = 1.0;
				PRODUCT_BUNDLE_IDENTIFIER = ru.Lamy;
				PRODUCT_NAME = "$(TARGET_NAME)";
				SWIFT_EMIT_LOC_STRINGS = YES;
				SWIFT_VERSION = 5.0;
				TARGETED_DEVICE_FAMILY = "1,2";
			};
			name = Release;
		};
/* End XCBuildConfiguration section */

/* Begin XCConfigurationList section */
		4963ED052BC2D18D005F4C63 /* Build configuration list for PBXProject "Lamy" */ = {
			isa = XCConfigurationList;
			buildConfigurations = (
				4963ED1C2BC2D18E005F4C63 /* Debug */,
				4963ED1D2BC2D18E005F4C63 /* Release */,
			);
			defaultConfigurationIsVisible = 0;
			defaultConfigurationName = Release;
		};
		4963ED1E2BC2D18E005F4C63 /* Build configuration list for PBXNativeTarget "Lamy" */ = {
			isa = XCConfigurationList;
			buildConfigurations = (
				4963ED1F2BC2D18E005F4C63 /* Debug */,
				4963ED202BC2D18E005F4C63 /* Release */,
			);
			defaultConfigurationIsVisible = 0;
			defaultConfigurationName = Release;
		};
/* End XCConfigurationList section */

/* Begin XCRemoteSwiftPackageReference section */
		4965283E2BC4408800961885 /* XCRemoteSwiftPackageReference "Alamofire" */ = {
			isa = XCRemoteSwiftPackageReference;
			repositoryURL = "https://github.com/Alamofire/Alamofire.git";
			requirement = {
				kind = upToNextMajorVersion;
				minimumVersion = 5.9.1;
			};
		};
		517442562BD80B300072600B /* XCRemoteSwiftPackageReference "SDWebImageSwiftUI" */ = {
			isa = XCRemoteSwiftPackageReference;
			repositoryURL = "https://github.com/SDWebImage/SDWebImageSwiftUI.git";
			requirement = {
				kind = upToNextMajorVersion;
				minimumVersion = 3.0.2;
			};
		};
		518AD9262BC7DA28003BE692 /* XCRemoteSwiftPackageReference "SDWebImage" */ = {
			isa = XCRemoteSwiftPackageReference;
			repositoryURL = "https://github.com/SDWebImage/SDWebImage.git";
			requirement = {
				kind = upToNextMajorVersion;
				minimumVersion = 5.19.1;
			};
		};
/* End XCRemoteSwiftPackageReference section */

/* Begin XCSwiftPackageProductDependency section */
		4965283F2BC4408800961885 /* Alamofire */ = {
			isa = XCSwiftPackageProductDependency;
			package = 4965283E2BC4408800961885 /* XCRemoteSwiftPackageReference "Alamofire" */;
			productName = Alamofire;
		};
		496528412BC4408800961885 /* AlamofireDynamic */ = {
			isa = XCSwiftPackageProductDependency;
			package = 4965283E2BC4408800961885 /* XCRemoteSwiftPackageReference "Alamofire" */;
			productName = AlamofireDynamic;
		};
		517442572BD80B300072600B /* SDWebImageSwiftUI */ = {
			isa = XCSwiftPackageProductDependency;
			package = 517442562BD80B300072600B /* XCRemoteSwiftPackageReference "SDWebImageSwiftUI" */;
			productName = SDWebImageSwiftUI;
		};
		518AD9272BC7DA28003BE692 /* SDWebImage */ = {
			isa = XCSwiftPackageProductDependency;
			package = 518AD9262BC7DA28003BE692 /* XCRemoteSwiftPackageReference "SDWebImage" */;
			productName = SDWebImage;
		};
		518AD9292BC7DA28003BE692 /* SDWebImageMapKit */ = {
			isa = XCSwiftPackageProductDependency;
			package = 518AD9262BC7DA28003BE692 /* XCRemoteSwiftPackageReference "SDWebImage" */;
			productName = SDWebImageMapKit;
		};
/* End XCSwiftPackageProductDependency section */
	};
	rootObject = 4963ED022BC2D18D005F4C63 /* Project object */;
}
